
Microsoft Visual Studio Solution File, Format Version 12.00
# Visual Studio 15
VisualStudioVersion = 15.0.27703.2026
MinimumVisualStudioVersion = 10.0.40219.1
Project("{2150E333-8FDC-42A3-9474-1A3956D46DE8}") = "SDK", "SDK", "{576AAA7C-ECD2-4E77-8CB8-FD2C0BF4C957}"
EndProject
Project("{2150E333-8FDC-42A3-9474-1A3956D46DE8}") = "Tests", "Tests", "{956D313F-F2E5-4401-A16B-8B38601274EB}"
EndProject
Project("{9A19103F-16F7-4668-BE54-9A1E7A4F7556}") = "JordanSdk.Diagnostic", "JordanSdk.Diagnostic\JordanSdk.Diagnostic.csproj", "{8C146D02-3210-4575-AD26-D70309476945}"
EndProject
Project("{9A19103F-16F7-4668-BE54-9A1E7A4F7556}") = "JordanSdk.Network.Core", "JordanSdk.Network.Core\JordanSdk.Network.Core.csproj", "{9DF0ACF3-7261-4536-8C3A-467AA86F0CDB}"
EndProject
Project("{FAE04EC0-301F-11D3-BF4B-00C04F79EFBC}") = "JordanSdk.Network.Core.Tests", "JordanSdk.Network.Core.Tests\JordanSdk.Network.Core.Tests.csproj", "{AB88F896-2E7B-4933-BEEA-94AC45473562}"
EndProject
Project("{9A19103F-16F7-4668-BE54-9A1E7A4F7556}") = "JordanSdk.Network.Udp", "JordanSdk.Network.Udp\JordanSdk.Network.Udp.csproj", "{E32BCC7F-7B2D-4110-9E9B-1CF433A59125}"
EndProject
Project("{FAE04EC0-301F-11D3-BF4B-00C04F79EFBC}") = "JordanSdk.Network.Tcp.Tests", "JordanSdk.Network.Tcp.Tests\JordanSdk.Network.Tcp.Tests.csproj", "{99BCD92F-8116-4232-858A-DE7A76C95FEC}"
EndProject
Project("{FAE04EC0-301F-11D3-BF4B-00C04F79EFBC}") = "JordanSdk.Network.Udp.Tests", "JordanSdk.Network.Udp.Tests\JordanSdk.Network.Udp.Tests.csproj", "{A1849D44-A3D0-4D24-9751-FE9B82B35731}"
EndProject
Project("{9A19103F-16F7-4668-BE54-9A1E7A4F7556}") = "JordanSdk.Network.Tcp", "JordanSdk.Network.Tcp\JordanSdk.Network.Tcp.csproj", "{63F8B090-17B0-45CC-952A-A9080AB296FC}"
EndProject
Project("{2150E333-8FDC-42A3-9474-1A3956D46DE8}") = "Submodules", "Submodules", "{34260165-EB5A-4E18-A9B6-58B6A517DBC9}"
EndProject
Project("{9A19103F-16F7-4668-BE54-9A1E7A4F7556}") = "Open.Nat", "Submodules\Open.NAT\Open.Nat\Open.Nat.csproj", "{989BC031-70F3-4D06-9740-DAC1AEA627ED}"
EndProject
Project("{FAE04EC0-301F-11D3-BF4B-00C04F79EFBC}") = "JordanSdk.Diagnostic.Tests", "JordanSdk.Diagnostic.Tests\JordanSdk.Diagnostic.Tests.csproj", "{413C65DC-E3A3-46A4-8FC0-1E6856FFEE05}"
EndProject
Project("{9A19103F-16F7-4668-BE54-9A1E7A4F7556}") = "JordanSdk.Network.WebSocket", "JordanSdk.Network.WebSocket\JordanSdk.Network.WebSocket.csproj", "{09DA14D3-63C0-4C6E-947C-70D07C454635}"
EndProject
Project("{FAE04EC0-301F-11D3-BF4B-00C04F79EFBC}") = "JordanSdk.Network.WebSocket.Tests", "JordanSdk.Network.WebSocket.Tests\JordanSdk.Network.WebSocket.Tests.csproj", "{51871153-DDC9-4254-AE71-D8F229430D18}"
EndProject
Global
	GlobalSection(SolutionConfigurationPlatforms) = preSolution
		Debug|Any CPU = Debug|Any CPU
		Debug|x64 = Debug|x64
		Debug|x86 = Debug|x86
		Release|Any CPU = Release|Any CPU
		Release|x64 = Release|x64
		Release|x86 = Release|x86
	EndGlobalSection
	GlobalSection(ProjectConfigurationPlatforms) = postSolution
		{8C146D02-3210-4575-AD26-D70309476945}.Debug|Any CPU.ActiveCfg = Debug|Any CPU
		{8C146D02-3210-4575-AD26-D70309476945}.Debug|Any CPU.Build.0 = Debug|Any CPU
		{8C146D02-3210-4575-AD26-D70309476945}.Debug|x64.ActiveCfg = Debug|Any CPU
		{8C146D02-3210-4575-AD26-D70309476945}.Debug|x64.Build.0 = Debug|Any CPU
		{8C146D02-3210-4575-AD26-D70309476945}.Debug|x86.ActiveCfg = Debug|Any CPU
		{8C146D02-3210-4575-AD26-D70309476945}.Debug|x86.Build.0 = Debug|Any CPU
		{8C146D02-3210-4575-AD26-D70309476945}.Release|Any CPU.ActiveCfg = Release|Any CPU
		{8C146D02-3210-4575-AD26-D70309476945}.Release|Any CPU.Build.0 = Release|Any CPU
		{8C146D02-3210-4575-AD26-D70309476945}.Release|x64.ActiveCfg = Release|Any CPU
		{8C146D02-3210-4575-AD26-D70309476945}.Release|x64.Build.0 = Release|Any CPU
		{8C146D02-3210-4575-AD26-D70309476945}.Release|x86.ActiveCfg = Release|Any CPU
		{8C146D02-3210-4575-AD26-D70309476945}.Release|x86.Build.0 = Release|Any CPU
		{9DF0ACF3-7261-4536-8C3A-467AA86F0CDB}.Debug|Any CPU.ActiveCfg = Debug|Any CPU
		{9DF0ACF3-7261-4536-8C3A-467AA86F0CDB}.Debug|Any CPU.Build.0 = Debug|Any CPU
		{9DF0ACF3-7261-4536-8C3A-467AA86F0CDB}.Debug|x64.ActiveCfg = Debug|Any CPU
		{9DF0ACF3-7261-4536-8C3A-467AA86F0CDB}.Debug|x64.Build.0 = Debug|Any CPU
		{9DF0ACF3-7261-4536-8C3A-467AA86F0CDB}.Debug|x86.ActiveCfg = Debug|Any CPU
		{9DF0ACF3-7261-4536-8C3A-467AA86F0CDB}.Debug|x86.Build.0 = Debug|Any CPU
		{9DF0ACF3-7261-4536-8C3A-467AA86F0CDB}.Release|Any CPU.ActiveCfg = Release|Any CPU
		{9DF0ACF3-7261-4536-8C3A-467AA86F0CDB}.Release|Any CPU.Build.0 = Release|Any CPU
		{9DF0ACF3-7261-4536-8C3A-467AA86F0CDB}.Release|x64.ActiveCfg = Release|Any CPU
		{9DF0ACF3-7261-4536-8C3A-467AA86F0CDB}.Release|x64.Build.0 = Release|Any CPU
		{9DF0ACF3-7261-4536-8C3A-467AA86F0CDB}.Release|x86.ActiveCfg = Release|Any CPU
		{9DF0ACF3-7261-4536-8C3A-467AA86F0CDB}.Release|x86.Build.0 = Release|Any CPU
		{AB88F896-2E7B-4933-BEEA-94AC45473562}.Debug|Any CPU.ActiveCfg = Debug|Any CPU
		{AB88F896-2E7B-4933-BEEA-94AC45473562}.Debug|Any CPU.Build.0 = Debug|Any CPU
		{AB88F896-2E7B-4933-BEEA-94AC45473562}.Debug|x64.ActiveCfg = Debug|Any CPU
		{AB88F896-2E7B-4933-BEEA-94AC45473562}.Debug|x64.Build.0 = Debug|Any CPU
		{AB88F896-2E7B-4933-BEEA-94AC45473562}.Debug|x86.ActiveCfg = Debug|Any CPU
		{AB88F896-2E7B-4933-BEEA-94AC45473562}.Debug|x86.Build.0 = Debug|Any CPU
		{AB88F896-2E7B-4933-BEEA-94AC45473562}.Release|Any CPU.ActiveCfg = Release|Any CPU
		{AB88F896-2E7B-4933-BEEA-94AC45473562}.Release|Any CPU.Build.0 = Release|Any CPU
		{AB88F896-2E7B-4933-BEEA-94AC45473562}.Release|x64.ActiveCfg = Release|Any CPU
		{AB88F896-2E7B-4933-BEEA-94AC45473562}.Release|x64.Build.0 = Release|Any CPU
		{AB88F896-2E7B-4933-BEEA-94AC45473562}.Release|x86.ActiveCfg = Release|Any CPU
		{AB88F896-2E7B-4933-BEEA-94AC45473562}.Release|x86.Build.0 = Release|Any CPU
		{E32BCC7F-7B2D-4110-9E9B-1CF433A59125}.Debug|Any CPU.ActiveCfg = Debug|Any CPU
		{E32BCC7F-7B2D-4110-9E9B-1CF433A59125}.Debug|Any CPU.Build.0 = Debug|Any CPU
		{E32BCC7F-7B2D-4110-9E9B-1CF433A59125}.Debug|x64.ActiveCfg = Debug|Any CPU
		{E32BCC7F-7B2D-4110-9E9B-1CF433A59125}.Debug|x64.Build.0 = Debug|Any CPU
		{E32BCC7F-7B2D-4110-9E9B-1CF433A59125}.Debug|x86.ActiveCfg = Debug|Any CPU
		{E32BCC7F-7B2D-4110-9E9B-1CF433A59125}.Debug|x86.Build.0 = Debug|Any CPU
		{E32BCC7F-7B2D-4110-9E9B-1CF433A59125}.Release|Any CPU.ActiveCfg = Release|Any CPU
		{E32BCC7F-7B2D-4110-9E9B-1CF433A59125}.Release|Any CPU.Build.0 = Release|Any CPU
		{E32BCC7F-7B2D-4110-9E9B-1CF433A59125}.Release|x64.ActiveCfg = Release|Any CPU
		{E32BCC7F-7B2D-4110-9E9B-1CF433A59125}.Release|x64.Build.0 = Release|Any CPU
		{E32BCC7F-7B2D-4110-9E9B-1CF433A59125}.Release|x86.ActiveCfg = Release|Any CPU
		{E32BCC7F-7B2D-4110-9E9B-1CF433A59125}.Release|x86.Build.0 = Release|Any CPU
		{99BCD92F-8116-4232-858A-DE7A76C95FEC}.Debug|Any CPU.ActiveCfg = Debug|Any CPU
		{99BCD92F-8116-4232-858A-DE7A76C95FEC}.Debug|Any CPU.Build.0 = Debug|Any CPU
		{99BCD92F-8116-4232-858A-DE7A76C95FEC}.Debug|x64.ActiveCfg = Debug|Any CPU
		{99BCD92F-8116-4232-858A-DE7A76C95FEC}.Debug|x64.Build.0 = Debug|Any CPU
		{99BCD92F-8116-4232-858A-DE7A76C95FEC}.Debug|x86.ActiveCfg = Debug|Any CPU
		{99BCD92F-8116-4232-858A-DE7A76C95FEC}.Debug|x86.Build.0 = Debug|Any CPU
		{99BCD92F-8116-4232-858A-DE7A76C95FEC}.Release|Any CPU.ActiveCfg = Release|Any CPU
		{99BCD92F-8116-4232-858A-DE7A76C95FEC}.Release|Any CPU.Build.0 = Release|Any CPU
		{99BCD92F-8116-4232-858A-DE7A76C95FEC}.Release|x64.ActiveCfg = Release|Any CPU
		{99BCD92F-8116-4232-858A-DE7A76C95FEC}.Release|x64.Build.0 = Release|Any CPU
		{99BCD92F-8116-4232-858A-DE7A76C95FEC}.Release|x86.ActiveCfg = Release|Any CPU
		{99BCD92F-8116-4232-858A-DE7A76C95FEC}.Release|x86.Build.0 = Release|Any CPU
		{A1849D44-A3D0-4D24-9751-FE9B82B35731}.Debug|Any CPU.ActiveCfg = Debug|Any CPU
		{A1849D44-A3D0-4D24-9751-FE9B82B35731}.Debug|Any CPU.Build.0 = Debug|Any CPU
		{A1849D44-A3D0-4D24-9751-FE9B82B35731}.Debug|x64.ActiveCfg = Debug|Any CPU
		{A1849D44-A3D0-4D24-9751-FE9B82B35731}.Debug|x64.Build.0 = Debug|Any CPU
		{A1849D44-A3D0-4D24-9751-FE9B82B35731}.Debug|x86.ActiveCfg = Debug|Any CPU
		{A1849D44-A3D0-4D24-9751-FE9B82B35731}.Debug|x86.Build.0 = Debug|Any CPU
		{A1849D44-A3D0-4D24-9751-FE9B82B35731}.Release|Any CPU.ActiveCfg = Release|Any CPU
		{A1849D44-A3D0-4D24-9751-FE9B82B35731}.Release|Any CPU.Build.0 = Release|Any CPU
		{A1849D44-A3D0-4D24-9751-FE9B82B35731}.Release|x64.ActiveCfg = Release|Any CPU
		{A1849D44-A3D0-4D24-9751-FE9B82B35731}.Release|x64.Build.0 = Release|Any CPU
		{A1849D44-A3D0-4D24-9751-FE9B82B35731}.Release|x86.ActiveCfg = Release|Any CPU
		{A1849D44-A3D0-4D24-9751-FE9B82B35731}.Release|x86.Build.0 = Release|Any CPU
		{63F8B090-17B0-45CC-952A-A9080AB296FC}.Debug|Any CPU.ActiveCfg = Debug|Any CPU
		{63F8B090-17B0-45CC-952A-A9080AB296FC}.Debug|Any CPU.Build.0 = Debug|Any CPU
		{63F8B090-17B0-45CC-952A-A9080AB296FC}.Debug|x64.ActiveCfg = Debug|Any CPU
		{63F8B090-17B0-45CC-952A-A9080AB296FC}.Debug|x64.Build.0 = Debug|Any CPU
		{63F8B090-17B0-45CC-952A-A9080AB296FC}.Debug|x86.ActiveCfg = Debug|Any CPU
		{63F8B090-17B0-45CC-952A-A9080AB296FC}.Debug|x86.Build.0 = Debug|Any CPU
		{63F8B090-17B0-45CC-952A-A9080AB296FC}.Release|Any CPU.ActiveCfg = Release|Any CPU
		{63F8B090-17B0-45CC-952A-A9080AB296FC}.Release|Any CPU.Build.0 = Release|Any CPU
		{63F8B090-17B0-45CC-952A-A9080AB296FC}.Release|x64.ActiveCfg = Release|Any CPU
		{63F8B090-17B0-45CC-952A-A9080AB296FC}.Release|x64.Build.0 = Release|Any CPU
		{63F8B090-17B0-45CC-952A-A9080AB296FC}.Release|x86.ActiveCfg = Release|Any CPU
		{63F8B090-17B0-45CC-952A-A9080AB296FC}.Release|x86.Build.0 = Release|Any CPU
		{989BC031-70F3-4D06-9740-DAC1AEA627ED}.Debug|Any CPU.ActiveCfg = Debug|Any CPU
		{989BC031-70F3-4D06-9740-DAC1AEA627ED}.Debug|Any CPU.Build.0 = Debug|Any CPU
		{989BC031-70F3-4D06-9740-DAC1AEA627ED}.Debug|x64.ActiveCfg = Debug|x64
		{989BC031-70F3-4D06-9740-DAC1AEA627ED}.Debug|x64.Build.0 = Debug|x64
		{989BC031-70F3-4D06-9740-DAC1AEA627ED}.Debug|x86.ActiveCfg = Debug|x86
		{989BC031-70F3-4D06-9740-DAC1AEA627ED}.Debug|x86.Build.0 = Debug|x86
		{989BC031-70F3-4D06-9740-DAC1AEA627ED}.Release|Any CPU.ActiveCfg = Release|Any CPU
		{989BC031-70F3-4D06-9740-DAC1AEA627ED}.Release|Any CPU.Build.0 = Release|Any CPU
		{989BC031-70F3-4D06-9740-DAC1AEA627ED}.Release|x64.ActiveCfg = Release|x64
		{989BC031-70F3-4D06-9740-DAC1AEA627ED}.Release|x64.Build.0 = Release|x64
		{989BC031-70F3-4D06-9740-DAC1AEA627ED}.Release|x86.ActiveCfg = Release|x86
		{989BC031-70F3-4D06-9740-DAC1AEA627ED}.Release|x86.Build.0 = Release|x86
		{413C65DC-E3A3-46A4-8FC0-1E6856FFEE05}.Debug|Any CPU.ActiveCfg = Debug|Any CPU
		{413C65DC-E3A3-46A4-8FC0-1E6856FFEE05}.Debug|Any CPU.Build.0 = Debug|Any CPU
		{413C65DC-E3A3-46A4-8FC0-1E6856FFEE05}.Debug|x64.ActiveCfg = Debug|Any CPU
		{413C65DC-E3A3-46A4-8FC0-1E6856FFEE05}.Debug|x64.Build.0 = Debug|Any CPU
		{413C65DC-E3A3-46A4-8FC0-1E6856FFEE05}.Debug|x86.ActiveCfg = Debug|Any CPU
		{413C65DC-E3A3-46A4-8FC0-1E6856FFEE05}.Debug|x86.Build.0 = Debug|Any CPU
		{413C65DC-E3A3-46A4-8FC0-1E6856FFEE05}.Release|Any CPU.ActiveCfg = Release|Any CPU
		{413C65DC-E3A3-46A4-8FC0-1E6856FFEE05}.Release|Any CPU.Build.0 = Release|Any CPU
		{413C65DC-E3A3-46A4-8FC0-1E6856FFEE05}.Release|x64.ActiveCfg = Release|Any CPU
		{413C65DC-E3A3-46A4-8FC0-1E6856FFEE05}.Release|x64.Build.0 = Release|Any CPU
		{413C65DC-E3A3-46A4-8FC0-1E6856FFEE05}.Release|x86.ActiveCfg = Release|Any CPU
		{413C65DC-E3A3-46A4-8FC0-1E6856FFEE05}.Release|x86.Build.0 = Release|Any CPU
		{09DA14D3-63C0-4C6E-947C-70D07C454635}.Debug|Any CPU.ActiveCfg = Debug|Any CPU
		{09DA14D3-63C0-4C6E-947C-70D07C454635}.Debug|Any CPU.Build.0 = Debug|Any CPU
		{09DA14D3-63C0-4C6E-947C-70D07C454635}.Debug|x64.ActiveCfg = Debug|Any CPU
		{09DA14D3-63C0-4C6E-947C-70D07C454635}.Debug|x64.Build.0 = Debug|Any CPU
		{09DA14D3-63C0-4C6E-947C-70D07C454635}.Debug|x86.ActiveCfg = Debug|Any CPU
		{09DA14D3-63C0-4C6E-947C-70D07C454635}.Debug|x86.Build.0 = Debug|Any CPU
		{09DA14D3-63C0-4C6E-947C-70D07C454635}.Release|Any CPU.ActiveCfg = Release|Any CPU
		{09DA14D3-63C0-4C6E-947C-70D07C454635}.Release|Any CPU.Build.0 = Release|Any CPU
		{09DA14D3-63C0-4C6E-947C-70D07C454635}.Release|x64.ActiveCfg = Release|Any CPU
		{09DA14D3-63C0-4C6E-947C-70D07C454635}.Release|x64.Build.0 = Release|Any CPU
		{09DA14D3-63C0-4C6E-947C-70D07C454635}.Release|x86.ActiveCfg = Release|Any CPU
		{09DA14D3-63C0-4C6E-947C-70D07C454635}.Release|x86.Build.0 = Release|Any CPU
		{51871153-DDC9-4254-AE71-D8F229430D18}.Debug|Any CPU.ActiveCfg = Debug|Any CPU
		{51871153-DDC9-4254-AE71-D8F229430D18}.Debug|Any CPU.Build.0 = Debug|Any CPU
		{51871153-DDC9-4254-AE71-D8F229430D18}.Debug|x64.ActiveCfg = Debug|Any CPU
		{51871153-DDC9-4254-AE71-D8F229430D18}.Debug|x64.Build.0 = Debug|Any CPU
		{51871153-DDC9-4254-AE71-D8F229430D18}.Debug|x86.ActiveCfg = Debug|Any CPU
		{51871153-DDC9-4254-AE71-D8F229430D18}.Debug|x86.Build.0 = Debug|Any CPU
		{51871153-DDC9-4254-AE71-D8F229430D18}.Release|Any CPU.ActiveCfg = Release|Any CPU
		{51871153-DDC9-4254-AE71-D8F229430D18}.Release|Any CPU.Build.0 = Release|Any CPU
		{51871153-DDC9-4254-AE71-D8F229430D18}.Release|x64.ActiveCfg = Release|Any CPU
		{51871153-DDC9-4254-AE71-D8F229430D18}.Release|x64.Build.0 = Release|Any CPU
		{51871153-DDC9-4254-AE71-D8F229430D18}.Release|x86.ActiveCfg = Release|Any CPU
		{51871153-DDC9-4254-AE71-D8F229430D18}.Release|x86.Build.0 = Release|Any CPU
	EndGlobalSection
	GlobalSection(SolutionProperties) = preSolution
		HideSolutionNode = FALSE
	EndGlobalSection
	GlobalSection(NestedProjects) = preSolution
		{8C146D02-3210-4575-AD26-D70309476945} = {576AAA7C-ECD2-4E77-8CB8-FD2C0BF4C957}
		{9DF0ACF3-7261-4536-8C3A-467AA86F0CDB} = {576AAA7C-ECD2-4E77-8CB8-FD2C0BF4C957}
		{AB88F896-2E7B-4933-BEEA-94AC45473562} = {956D313F-F2E5-4401-A16B-8B38601274EB}
		{E32BCC7F-7B2D-4110-9E9B-1CF433A59125} = {576AAA7C-ECD2-4E77-8CB8-FD2C0BF4C957}
		{99BCD92F-8116-4232-858A-DE7A76C95FEC} = {956D313F-F2E5-4401-A16B-8B38601274EB}
		{A1849D44-A3D0-4D24-9751-FE9B82B35731} = {956D313F-F2E5-4401-A16B-8B38601274EB}
		{63F8B090-17B0-45CC-952A-A9080AB296FC} = {576AAA7C-ECD2-4E77-8CB8-FD2C0BF4C957}
		{989BC031-70F3-4D06-9740-DAC1AEA627ED} = {34260165-EB5A-4E18-A9B6-58B6A517DBC9}
		{413C65DC-E3A3-46A4-8FC0-1E6856FFEE05} = {956D313F-F2E5-4401-A16B-8B38601274EB}
		{09DA14D3-63C0-4C6E-947C-70D07C454635} = {576AAA7C-ECD2-4E77-8CB8-FD2C0BF4C957}
		{51871153-DDC9-4254-AE71-D8F229430D18} = {956D313F-F2E5-4401-A16B-8B38601274EB}
	EndGlobalSection
	GlobalSection(ExtensibilityGlobals) = postSolution
		SolutionGuid = {9B44192F-59DD-4698-A656-CE0525D3DD27}
	EndGlobalSection
EndGlobal
